
Microsoft Visual Studio Solution File, Format Version 12.00
# Visual Studio Version 17
VisualStudioVersion = 17.9.34728.123
MinimumVisualStudioVersion = 10.0.40219.1
Project("{FAE04EC0-301F-11D3-BF4B-00C04F79EFBC}") = "music-player", "music-player.csproj", "{B9F302D9-9566-4AB6-8EE4-F42B3E87F52E}"
EndProject
Global
	GlobalSection(SolutionConfigurationPlatforms) = preSolution
		Debug|Any CPU = Debug|Any CPU
		Release|Any CPU = Release|Any CPU
	EndGlobalSection
	GlobalSection(ProjectConfigurationPlatforms) = postSolution
		{B9F302D9-9566-4AB6-8EE4-F42B3E87F52E}.Debug|Any CPU.ActiveCfg = Debug|Any CPU
		{B9F302D9-9566-4AB6-8EE4-F42B3E87F52E}.Debug|Any CPU.Build.0 = Debug|Any CPU
		{B9F302D9-9566-4AB6-8EE4-F42B3E87F52E}.Release|Any CPU.ActiveCfg = Release|Any CPU
		{B9F302D9-9566-4AB6-8EE4-F42B3E87F52E}.Release|Any CPU.Build.0 = Release|Any CPU
	EndGlobalSection
	GlobalSection(SolutionProperties) = preSolution
		HideSolutionNode = FALSE
	EndGlobalSection
	GlobalSection(ExtensibilityGlobals) = postSolution
		SolutionGuid = {BB637550-6EB9-4A66-AE15-A474D2D95CA0}
	EndGlobalSection
EndGlobal
